{
  "version": 4,
  "terraform_version": "1.0.8",
  "serial": 182,
  "lineage": "8a25a97b-9830-b24c-554c-0eb49bb6d1bc",
  "outputs": {
    "Instance_name_ip_address": {
      "value": [
        "lbj-test-01/34.64.207.91",
        "lbj-test-02/34.64.188.56"
      ],
      "type": [
        "tuple",
        [
          "string",
          "string"
        ]
      ]
    },
    "Subnet_names": {
      "value": [
        "test-network-subnet-01"
      ],
      "type": [
        "tuple",
        [
          "string"
        ]
      ]
    },
    "VPC_name": {
      "value": "test-network",
      "type": "string"
    }
  },
  "resources": [
    {
      "mode": "managed",
      "type": "google_service_account",
      "name": "service_account",
      "provider": "provider[\"registry.terraform.io/hashicorp/google\"]",
      "instances": [
        {
          "schema_version": 0,
          "attributes": {
            "account_id": "lbj-terraform-test-sa",
            "description": "",
            "disabled": false,
            "display_name": "lbj-terraform-test-sa",
            "email": "lbj-terraform-test-sa@iaas-demo-208601.iam.gserviceaccount.com",
            "id": "projects/iaas-demo-208601/serviceAccounts/lbj-terraform-test-sa@iaas-demo-208601.iam.gserviceaccount.com",
            "name": "projects/iaas-demo-208601/serviceAccounts/lbj-terraform-test-sa@iaas-demo-208601.iam.gserviceaccount.com",
            "project": "iaas-demo-208601",
            "timeouts": null,
            "unique_id": "108250138130114759426"
          },
          "sensitive_attributes": [],
          "private": "eyJlMmJmYjczMC1lY2FhLTExZTYtOGY4OC0zNDM2M2JjN2M0YzAiOnsiY3JlYXRlIjozMDAwMDAwMDAwMDB9fQ==",
          "create_before_destroy": true
        }
      ]
    },
    {
      "module": "module.compute_instance",
      "mode": "data",
      "type": "google_compute_zones",
      "name": "available",
      "provider": "provider[\"registry.terraform.io/hashicorp/google\"]",
      "instances": [
        {
          "schema_version": 0,
          "attributes": {
            "id": "projects/iaas-demo-208601/regions/asia-northeast3",
            "names": [
              "asia-northeast3-a",
              "asia-northeast3-b",
              "asia-northeast3-c"
            ],
            "project": "iaas-demo-208601",
            "region": "asia-northeast3",
            "status": null
          },
          "sensitive_attributes": []
        }
      ]
    },
    {
      "module": "module.compute_instance",
      "mode": "managed",
      "type": "google_compute_address",
      "name": "external-ip",
      "provider": "provider[\"registry.terraform.io/hashicorp/google\"]",
      "instances": [
        {
          "index_key": 0,
          "schema_version": 0,
          "attributes": {
            "address": "34.64.207.91",
            "address_type": "EXTERNAL",
            "creation_timestamp": "2021-10-24T23:06:27.864-07:00",
            "description": "",
            "id": "projects/iaas-demo-208601/regions/asia-northeast3/addresses/lbj-test-0",
            "name": "lbj-test-0",
            "network": "",
            "network_tier": "PREMIUM",
            "prefix_length": 0,
            "project": "iaas-demo-208601",
            "purpose": "",
            "region": "asia-northeast3",
            "self_link": "https://www.googleapis.com/compute/v1/projects/iaas-demo-208601/regions/asia-northeast3/addresses/lbj-test-0",
            "subnetwork": "",
            "timeouts": null,
            "users": [
              "https://www.googleapis.com/compute/v1/projects/iaas-demo-208601/zones/asia-northeast3-b/instances/lbj-test-01"
            ]
          },
          "sensitive_attributes": [],
          "private": "eyJlMmJmYjczMC1lY2FhLTExZTYtOGY4OC0zNDM2M2JjN2M0YzAiOnsiY3JlYXRlIjoyNDAwMDAwMDAwMDAsImRlbGV0ZSI6MjQwMDAwMDAwMDAwfX0=",
          "dependencies": [
            "google_service_account.service_account",
            "module.instance_template.google_compute_instance_template.tpl",
            "module.vpc-module.google_compute_network.network",
            "module.vpc-module.google_compute_subnetwork.subnetwork"
          ]
        },
        {
          "index_key": 1,
          "schema_version": 0,
          "attributes": {
            "address": "34.64.188.56",
            "address_type": "EXTERNAL",
            "creation_timestamp": "2021-10-24T23:06:27.867-07:00",
            "description": "",
            "id": "projects/iaas-demo-208601/regions/asia-northeast3/addresses/lbj-test-1",
            "name": "lbj-test-1",
            "network": "",
            "network_tier": "PREMIUM",
            "prefix_length": 0,
            "project": "iaas-demo-208601",
            "purpose": "",
            "region": "asia-northeast3",
            "self_link": "https://www.googleapis.com/compute/v1/projects/iaas-demo-208601/regions/asia-northeast3/addresses/lbj-test-1",
            "subnetwork": "",
            "timeouts": null,
            "users": [
              "https://www.googleapis.com/compute/v1/projects/iaas-demo-208601/zones/asia-northeast3-b/instances/lbj-test-02"
            ]
          },
          "sensitive_attributes": [],
          "private": "eyJlMmJmYjczMC1lY2FhLTExZTYtOGY4OC0zNDM2M2JjN2M0YzAiOnsiY3JlYXRlIjoyNDAwMDAwMDAwMDAsImRlbGV0ZSI6MjQwMDAwMDAwMDAwfX0=",
          "dependencies": [
            "google_service_account.service_account",
            "module.instance_template.google_compute_instance_template.tpl",
            "module.vpc-module.google_compute_network.network",
            "module.vpc-module.google_compute_subnetwork.subnetwork"
          ]
        }
      ]
    },
    {
      "module": "module.compute_instance",
      "mode": "managed",
      "type": "google_compute_instance_from_template",
      "name": "compute_instance",
      "provider": "provider[\"registry.terraform.io/hashicorp/google\"]",
      "instances": [
        {
          "index_key": 0,
          "schema_version": 0,
          "attributes": {
            "advanced_machine_features": [],
            "allow_stopping_for_update": null,
            "attached_disk": [],
            "boot_disk": [
              {
                "auto_delete": true,
                "device_name": "persistent-disk-0",
                "disk_encryption_key_raw": "",
                "disk_encryption_key_sha256": "",
                "initialize_params": [
                  {
                    "image": "https://www.googleapis.com/compute/v1/projects/debian-cloud/global/images/debian-10-buster-v20210916",
                    "labels": {},
                    "size": 100,
                    "type": "pd-standard"
                  }
                ],
                "kms_key_self_link": "",
                "mode": "READ_WRITE",
                "source": "https://www.googleapis.com/compute/v1/projects/iaas-demo-208601/zones/asia-northeast3-b/disks/lbj-test-01"
              }
            ],
            "can_ip_forward": false,
            "confidential_instance_config": [
              {
                "enable_confidential_compute": false
              }
            ],
            "cpu_platform": "Intel Broadwell",
            "current_status": "RUNNING",
            "deletion_protection": false,
            "description": "",
            "desired_status": null,
            "enable_display": false,
            "guest_accelerator": [],
            "hostname": "",
            "id": "projects/iaas-demo-208601/zones/asia-northeast3-b/instances/lbj-test-01",
            "instance_id": "4444593724904437663",
            "label_fingerprint": "42WmSpB8rSM=",
            "labels": {},
            "machine_type": "e2-medium",
            "metadata": {},
            "metadata_fingerprint": "2DBmreif478=",
            "metadata_startup_script": "#! /bin/bash\nsudo apt-get update -y \u0026\u0026  sudo apt-get upgrade -y \u0026\u0026 sudo apt-get install -y nginx\n",
            "min_cpu_platform": "",
            "name": "lbj-test-01",
            "network_interface": [
              {
                "access_config": [
                  {
                    "nat_ip": "34.64.207.91",
                    "network_tier": "PREMIUM",
                    "public_ptr_domain_name": ""
                  }
                ],
                "alias_ip_range": [],
                "ipv6_access_config": [],
                "ipv6_access_type": "",
                "name": "nic0",
                "network": "https://www.googleapis.com/compute/v1/projects/iaas-demo-208601/global/networks/test-network",
                "network_ip": "10.10.10.2",
                "nic_type": "",
                "stack_type": "IPV4_ONLY",
                "subnetwork": "https://www.googleapis.com/compute/v1/projects/iaas-demo-208601/regions/asia-northeast3/subnetworks/test-network-subnet-01",
                "subnetwork_project": "iaas-demo-208601"
              }
            ],
            "project": "iaas-demo-208601",
            "reservation_affinity": [],
            "resource_policies": [],
            "scheduling": [
              {
                "automatic_restart": true,
                "min_node_cpus": 0,
                "node_affinities": [],
                "on_host_maintenance": "MIGRATE",
                "preemptible": false
              }
            ],
            "scratch_disk": [],
            "self_link": "https://www.googleapis.com/compute/v1/projects/iaas-demo-208601/zones/asia-northeast3-b/instances/lbj-test-01",
            "service_account": [
              {
                "email": "lbj-terraform-test-sa@iaas-demo-208601.iam.gserviceaccount.com",
                "scopes": [
                  "https://www.googleapis.com/auth/cloud-platform"
                ]
              }
            ],
            "shielded_instance_config": [
              {
                "enable_integrity_monitoring": true,
                "enable_secure_boot": false,
                "enable_vtpm": true
              }
            ],
            "source_instance_template": "https://www.googleapis.com/compute/beta/projects/iaas-demo-208601/global/instanceTemplates/instance-tpl01-20211025060614373000000001",
            "tags": [
              "allow-all"
            ],
            "tags_fingerprint": "DYx7eH_2KNQ=",
            "timeouts": null,
            "zone": "asia-northeast3-b"
          },
          "sensitive_attributes": [],
          "private": "eyJlMmJmYjczMC1lY2FhLTExZTYtOGY4OC0zNDM2M2JjN2M0YzAiOnsiY3JlYXRlIjoxMjAwMDAwMDAwMDAwLCJkZWxldGUiOjEyMDAwMDAwMDAwMDAsInVwZGF0ZSI6MTIwMDAwMDAwMDAwMH19",
          "dependencies": [
            "module.compute_instance.data.google_compute_zones.available",
            "module.compute_instance.google_compute_address.external-ip",
            "module.instance_template.google_compute_instance_template.tpl",
            "module.vpc-module.google_compute_network.network",
            "module.vpc-module.google_compute_subnetwork.subnetwork",
            "google_service_account.service_account"
          ]
        },
        {
          "index_key": 1,
          "schema_version": 0,
          "attributes": {
            "advanced_machine_features": [],
            "allow_stopping_for_update": null,
            "attached_disk": [],
            "boot_disk": [
              {
                "auto_delete": true,
                "device_name": "persistent-disk-0",
                "disk_encryption_key_raw": "",
                "disk_encryption_key_sha256": "",
                "initialize_params": [
                  {
                    "image": "https://www.googleapis.com/compute/v1/projects/debian-cloud/global/images/debian-10-buster-v20210916",
                    "labels": {},
                    "size": 100,
                    "type": "pd-standard"
                  }
                ],
                "kms_key_self_link": "",
                "mode": "READ_WRITE",
                "source": "https://www.googleapis.com/compute/v1/projects/iaas-demo-208601/zones/asia-northeast3-b/disks/lbj-test-02"
              }
            ],
            "can_ip_forward": false,
            "confidential_instance_config": [
              {
                "enable_confidential_compute": false
              }
            ],
            "cpu_platform": "Intel Broadwell",
            "current_status": "RUNNING",
            "deletion_protection": false,
            "description": "",
            "desired_status": null,
            "enable_display": false,
            "guest_accelerator": [],
            "hostname": "",
            "id": "projects/iaas-demo-208601/zones/asia-northeast3-b/instances/lbj-test-02",
            "instance_id": "3280063941603751838",
            "label_fingerprint": "42WmSpB8rSM=",
            "labels": {},
            "machine_type": "e2-medium",
            "metadata": {},
            "metadata_fingerprint": "2DBmreif478=",
            "metadata_startup_script": "#! /bin/bash\nsudo apt-get update -y \u0026\u0026  sudo apt-get upgrade -y \u0026\u0026 sudo apt-get install -y nginx\n",
            "min_cpu_platform": "",
            "name": "lbj-test-02",
            "network_interface": [
              {
                "access_config": [
                  {
                    "nat_ip": "34.64.188.56",
                    "network_tier": "PREMIUM",
                    "public_ptr_domain_name": ""
                  }
                ],
                "alias_ip_range": [],
                "ipv6_access_config": [],
                "ipv6_access_type": "",
                "name": "nic0",
                "network": "https://www.googleapis.com/compute/v1/projects/iaas-demo-208601/global/networks/test-network",
                "network_ip": "10.10.10.3",
                "nic_type": "",
                "stack_type": "IPV4_ONLY",
                "subnetwork": "https://www.googleapis.com/compute/v1/projects/iaas-demo-208601/regions/asia-northeast3/subnetworks/test-network-subnet-01",
                "subnetwork_project": "iaas-demo-208601"
              }
            ],
            "project": "iaas-demo-208601",
            "reservation_affinity": [],
            "resource_policies": [],
            "scheduling": [
              {
                "automatic_restart": true,
                "min_node_cpus": 0,
                "node_affinities": [],
                "on_host_maintenance": "MIGRATE",
                "preemptible": false
              }
            ],
            "scratch_disk": [],
            "self_link": "https://www.googleapis.com/compute/v1/projects/iaas-demo-208601/zones/asia-northeast3-b/instances/lbj-test-02",
            "service_account": [
              {
                "email": "lbj-terraform-test-sa@iaas-demo-208601.iam.gserviceaccount.com",
                "scopes": [
                  "https://www.googleapis.com/auth/cloud-platform"
                ]
              }
            ],
            "shielded_instance_config": [
              {
                "enable_integrity_monitoring": true,
                "enable_secure_boot": false,
                "enable_vtpm": true
              }
            ],
            "source_instance_template": "https://www.googleapis.com/compute/beta/projects/iaas-demo-208601/global/instanceTemplates/instance-tpl01-20211025060614373000000001",
            "tags": [
              "allow-all"
            ],
            "tags_fingerprint": "DYx7eH_2KNQ=",
            "timeouts": null,
            "zone": "asia-northeast3-b"
          },
          "sensitive_attributes": [],
          "private": "eyJlMmJmYjczMC1lY2FhLTExZTYtOGY4OC0zNDM2M2JjN2M0YzAiOnsiY3JlYXRlIjoxMjAwMDAwMDAwMDAwLCJkZWxldGUiOjEyMDAwMDAwMDAwMDAsInVwZGF0ZSI6MTIwMDAwMDAwMDAwMH19",
          "dependencies": [
            "module.compute_instance.google_compute_address.external-ip",
            "module.instance_template.google_compute_instance_template.tpl",
            "module.vpc-module.google_compute_network.network",
            "module.vpc-module.google_compute_subnetwork.subnetwork",
            "google_service_account.service_account",
            "module.compute_instance.data.google_compute_zones.available"
          ]
        }
      ]
    },
    {
      "module": "module.firewall-module",
      "mode": "managed",
      "type": "google_compute_firewall",
      "name": "custom",
      "provider": "provider[\"registry.terraform.io/hashicorp/google\"]",
      "instances": [
        {
          "index_key": "lbj-terraform",
          "schema_version": 1,
          "attributes": {
            "allow": [
              {
                "ports": [],
                "protocol": "tcp"
              }
            ],
            "creation_timestamp": "2021-10-24T23:07:39.776-07:00",
            "deny": [],
            "description": "allow-all",
            "destination_ranges": [],
            "direction": "INGRESS",
            "disabled": false,
            "enable_logging": null,
            "id": "projects/iaas-demo-208601/global/firewalls/lbj-terraform",
            "log_config": [],
            "name": "lbj-terraform",
            "network": "https://www.googleapis.com/compute/v1/projects/iaas-demo-208601/global/networks/test-network",
            "priority": 100,
            "project": "iaas-demo-208601",
            "self_link": "https://www.googleapis.com/compute/v1/projects/iaas-demo-208601/global/firewalls/lbj-terraform",
            "source_ranges": [
              "0.0.0.0/0"
            ],
            "source_service_accounts": [],
            "source_tags": [],
            "target_service_accounts": [],
            "target_tags": [],
            "timeouts": null
          },
          "sensitive_attributes": [],
          "private": "eyJlMmJmYjczMC1lY2FhLTExZTYtOGY4OC0zNDM2M2JjN2M0YzAiOnsiY3JlYXRlIjoyNDAwMDAwMDAwMDAsImRlbGV0ZSI6MjQwMDAwMDAwMDAwLCJ1cGRhdGUiOjI0MDAwMDAwMDAwMH0sInNjaGVtYV92ZXJzaW9uIjoiMSJ9",
          "dependencies": [
            "module.vpc-module.google_compute_network.network"
          ]
        }
      ]
    },
    {
      "module": "module.instance_template[\"instance-tpl01\"]",
      "mode": "managed",
      "type": "google_compute_instance_template",
      "name": "tpl",
      "provider": "provider[\"registry.terraform.io/hashicorp/google\"]",
      "instances": [
        {
          "schema_version": 1,
          "attributes": {
            "advanced_machine_features": [],
            "can_ip_forward": false,
            "confidential_instance_config": [
              {
                "enable_confidential_compute": false
              }
            ],
            "description": "",
            "disk": [
              {
                "auto_delete": true,
                "boot": true,
                "device_name": "persistent-disk-0",
                "disk_encryption_key": [],
                "disk_name": "",
                "disk_size_gb": 100,
                "disk_type": "pd-standard",
                "interface": "SCSI",
                "labels": {},
                "mode": "READ_WRITE",
                "resource_policies": [],
                "source": "",
                "source_image": "projects/debian-cloud/global/images/family/debian-10",
                "type": "PERSISTENT"
              }
            ],
            "enable_display": null,
            "guest_accelerator": [],
            "id": "projects/iaas-demo-208601/global/instanceTemplates/instance-tpl01-20211025060614373000000001",
            "instance_description": "",
            "labels": null,
            "machine_type": "e2-medium",
            "metadata": {},
            "metadata_fingerprint": "2DBmreif478=",
            "metadata_startup_script": "#! /bin/bash\nsudo apt-get update -y \u0026\u0026  sudo apt-get upgrade -y \u0026\u0026 sudo apt-get install -y nginx\n",
            "min_cpu_platform": "",
            "name": "instance-tpl01-20211025060614373000000001",
            "name_prefix": "instance-tpl01-",
            "network_interface": [
              {
                "access_config": [],
                "alias_ip_range": [],
                "ipv6_access_config": [],
                "ipv6_access_type": "",
                "name": "nic0",
                "network": "https://www.googleapis.com/compute/v1/projects/iaas-demo-208601/global/networks/test-network",
                "network_ip": "",
                "nic_type": "",
                "stack_type": "",
                "subnetwork": "https://www.googleapis.com/compute/v1/projects/iaas-demo-208601/regions/asia-northeast3/subnetworks/test-network-subnet-01",
                "subnetwork_project": "iaas-demo-208601"
              }
            ],
            "project": "iaas-demo-208601",
            "region": "asia-northeast3",
            "reservation_affinity": [],
            "scheduling": [
              {
                "automatic_restart": true,
                "min_node_cpus": 0,
                "node_affinities": [],
                "on_host_maintenance": "MIGRATE",
                "preemptible": false
              }
            ],
            "self_link": "https://www.googleapis.com/compute/beta/projects/iaas-demo-208601/global/instanceTemplates/instance-tpl01-20211025060614373000000001",
            "service_account": [
              {
                "email": "lbj-terraform-test-sa@iaas-demo-208601.iam.gserviceaccount.com",
                "scopes": [
                  "https://www.googleapis.com/auth/cloud-platform"
                ]
              }
            ],
            "shielded_instance_config": [],
            "tags": [
              "allow-all"
            ],
            "tags_fingerprint": "",
            "timeouts": null
          },
          "sensitive_attributes": [],
          "private": "eyJlMmJmYjczMC1lY2FhLTExZTYtOGY4OC0zNDM2M2JjN2M0YzAiOnsiY3JlYXRlIjoyNDAwMDAwMDAwMDAsImRlbGV0ZSI6MjQwMDAwMDAwMDAwfSwic2NoZW1hX3ZlcnNpb24iOiIxIn0=",
          "dependencies": [
            "google_service_account.service_account",
            "module.vpc-module.google_compute_network.network",
            "module.vpc-module.google_compute_subnetwork.subnetwork"
          ],
          "create_before_destroy": true
        }
      ]
    },
    {
      "module": "module.vpc-module",
      "mode": "managed",
      "type": "google_compute_network",
      "name": "network",
      "provider": "provider[\"registry.terraform.io/hashicorp/google\"]",
      "instances": [
        {
          "schema_version": 0,
          "attributes": {
            "auto_create_subnetworks": false,
            "delete_default_routes_on_create": false,
            "description": "",
            "gateway_ipv4": "",
            "id": "projects/iaas-demo-208601/global/networks/test-network",
            "mtu": 0,
            "name": "test-network",
            "project": "iaas-demo-208601",
            "routing_mode": "REGIONAL",
            "self_link": "https://www.googleapis.com/compute/v1/projects/iaas-demo-208601/global/networks/test-network",
            "timeouts": null
          },
          "sensitive_attributes": [],
          "private": "eyJlMmJmYjczMC1lY2FhLTExZTYtOGY4OC0zNDM2M2JjN2M0YzAiOnsiY3JlYXRlIjoyNDAwMDAwMDAwMDAsImRlbGV0ZSI6MjQwMDAwMDAwMDAwLCJ1cGRhdGUiOjI0MDAwMDAwMDAwMH19",
          "create_before_destroy": true
        }
      ]
    },
    {
      "module": "module.vpc-module",
      "mode": "managed",
      "type": "google_compute_subnetwork",
      "name": "subnetwork",
      "provider": "provider[\"registry.terraform.io/hashicorp/google\"]",
      "instances": [
        {
          "index_key": "asia-northeast3/test-network-subnet-01",
          "schema_version": 0,
          "attributes": {
            "creation_timestamp": "2021-10-24T23:05:51.768-07:00",
            "description": "",
            "external_ipv6_prefix": "",
            "fingerprint": null,
            "gateway_address": "10.10.10.1",
            "id": "projects/iaas-demo-208601/regions/asia-northeast3/subnetworks/test-network-subnet-01",
            "ip_cidr_range": "10.10.10.0/24",
            "ipv6_access_type": "",
            "ipv6_cidr_range": "",
            "log_config": [],
            "name": "test-network-subnet-01",
            "network": "https://www.googleapis.com/compute/v1/projects/iaas-demo-208601/global/networks/test-network",
            "private_ip_google_access": true,
            "private_ipv6_google_access": "DISABLE_GOOGLE_ACCESS",
            "project": "iaas-demo-208601",
            "purpose": "PRIVATE",
            "region": "asia-northeast3",
            "role": "",
            "secondary_ip_range": [],
            "self_link": "https://www.googleapis.com/compute/v1/projects/iaas-demo-208601/regions/asia-northeast3/subnetworks/test-network-subnet-01",
            "stack_type": "IPV4_ONLY",
            "timeouts": null
          },
          "sensitive_attributes": [],
          "private": "eyJlMmJmYjczMC1lY2FhLTExZTYtOGY4OC0zNDM2M2JjN2M0YzAiOnsiY3JlYXRlIjozNjAwMDAwMDAwMDAsImRlbGV0ZSI6MzYwMDAwMDAwMDAwLCJ1cGRhdGUiOjM2MDAwMDAwMDAwMH19",
          "dependencies": [
            "module.vpc-module.google_compute_network.network"
          ],
          "create_before_destroy": true
        }
      ]
    }
  ]
}
