{
  "version": 4,
  "terraform_version": "1.0.8",
  "serial": 93,
  "lineage": "8a25a97b-9830-b24c-554c-0eb49bb6d1bc",
  "outputs": {
    "network_name": {
      "value": "test-network",
      "type": "string"
    },
    "subnet_names": {
      "value": [
        "test-network-subnet-02",
        "test-network-subnet-01"
      ],
      "type": [
        "tuple",
        [
          "string",
          "string"
        ]
      ]
    }
  },
  "resources": [
    {
      "mode": "managed",
      "type": "google_compute_address",
      "name": "external-ip",
      "provider": "provider[\"registry.terraform.io/hashicorp/google\"]",
      "instances": [
        {
          "schema_version": 0,
          "attributes": {
            "address": "34.64.161.210",
            "address_type": "EXTERNAL",
            "creation_timestamp": "2021-10-20T00:58:18.712-07:00",
            "description": "",
            "id": "projects/iaas-demo-208601/regions/asia-northeast3/addresses/lbj-terraform-ip",
            "name": "lbj-terraform-ip",
            "network": "",
            "network_tier": "PREMIUM",
            "prefix_length": 0,
            "project": "iaas-demo-208601",
            "purpose": "",
            "region": "asia-northeast3",
            "self_link": "https://www.googleapis.com/compute/v1/projects/iaas-demo-208601/regions/asia-northeast3/addresses/lbj-terraform-ip",
            "subnetwork": "",
            "timeouts": null,
            "users": []
          },
          "sensitive_attributes": [],
          "private": "eyJlMmJmYjczMC1lY2FhLTExZTYtOGY4OC0zNDM2M2JjN2M0YzAiOnsiY3JlYXRlIjoyNDAwMDAwMDAwMDAsImRlbGV0ZSI6MjQwMDAwMDAwMDAwfX0="
        }
      ]
    },
    {
      "mode": "managed",
      "type": "google_service_account",
      "name": "service_account",
      "provider": "provider[\"registry.terraform.io/hashicorp/google\"]",
      "instances": [
        {
          "schema_version": 0,
          "attributes": {
            "account_id": "lbj-terraform-test-sa",
            "description": "",
            "disabled": false,
            "display_name": "lbj-terraform-test-sa",
            "email": "lbj-terraform-test-sa@iaas-demo-208601.iam.gserviceaccount.com",
            "id": "projects/iaas-demo-208601/serviceAccounts/lbj-terraform-test-sa@iaas-demo-208601.iam.gserviceaccount.com",
            "name": "projects/iaas-demo-208601/serviceAccounts/lbj-terraform-test-sa@iaas-demo-208601.iam.gserviceaccount.com",
            "project": "iaas-demo-208601",
            "timeouts": null,
            "unique_id": "117748611468490122704"
          },
          "sensitive_attributes": [],
          "private": "eyJlMmJmYjczMC1lY2FhLTExZTYtOGY4OC0zNDM2M2JjN2M0YzAiOnsiY3JlYXRlIjozMDAwMDAwMDAwMDB9fQ==",
          "create_before_destroy": true
        }
      ]
    },
    {
      "module": "module.firewall-module",
      "mode": "managed",
      "type": "google_compute_firewall",
      "name": "custom",
      "provider": "provider[\"registry.terraform.io/hashicorp/google\"]",
      "instances": [
        {
          "index_key": "lbj-terraform",
          "schema_version": 1,
          "attributes": {
            "allow": [],
            "creation_timestamp": "2021-10-20T00:58:30.474-07:00",
            "deny": [
              {
                "ports": [
                  "6534-6566"
                ],
                "protocol": "tcp"
              },
              {
                "ports": [
                  "6534-6566"
                ],
                "protocol": "udp"
              }
            ],
            "description": "Deny all INGRESS to port 6534-6566",
            "destination_ranges": [],
            "direction": "INGRESS",
            "disabled": true,
            "enable_logging": null,
            "id": "projects/iaas-demo-208601/global/firewalls/lbj-terraform",
            "log_config": [
              {
                "metadata": "EXCLUDE_ALL_METADATA"
              }
            ],
            "name": "lbj-terraform",
            "network": "https://www.googleapis.com/compute/v1/projects/iaas-demo-208601/global/networks/test-network",
            "priority": 95,
            "project": "iaas-demo-208601",
            "self_link": "https://www.googleapis.com/compute/v1/projects/iaas-demo-208601/global/firewalls/lbj-terraform",
            "source_ranges": [
              "0.0.0.0/0"
            ],
            "source_service_accounts": [],
            "source_tags": [],
            "target_service_accounts": [],
            "target_tags": [],
            "timeouts": null
          },
          "sensitive_attributes": [],
          "private": "eyJlMmJmYjczMC1lY2FhLTExZTYtOGY4OC0zNDM2M2JjN2M0YzAiOnsiY3JlYXRlIjoyNDAwMDAwMDAwMDAsImRlbGV0ZSI6MjQwMDAwMDAwMDAwLCJ1cGRhdGUiOjI0MDAwMDAwMDAwMH0sInNjaGVtYV92ZXJzaW9uIjoiMSJ9",
          "dependencies": [
            "module.vpc-module.google_compute_network.network"
          ]
        }
      ]
    },
    {
      "module": "module.instance_template[\"instance-tpl01\"]",
      "mode": "managed",
      "type": "google_compute_instance_template",
      "name": "tpl",
      "provider": "provider[\"registry.terraform.io/hashicorp/google\"]",
      "instances": [
        {
          "schema_version": 1,
          "attributes": {
            "advanced_machine_features": [],
            "can_ip_forward": false,
            "confidential_instance_config": [
              {
                "enable_confidential_compute": false
              }
            ],
            "description": "",
            "disk": [
              {
                "auto_delete": true,
                "boot": true,
                "device_name": "persistent-disk-0",
                "disk_encryption_key": [],
                "disk_name": "",
                "disk_size_gb": 100,
                "disk_type": "pd-standard",
                "interface": "SCSI",
                "labels": {},
                "mode": "READ_WRITE",
                "resource_policies": [],
                "source": "",
                "source_image": "projects/debian-cloud/global/images/family/debian-10",
                "type": "PERSISTENT"
              }
            ],
            "enable_display": null,
            "guest_accelerator": [],
            "id": "projects/iaas-demo-208601/global/instanceTemplates/instance-tpl01-20211020075853151000000001",
            "instance_description": "",
            "labels": null,
            "machine_type": "e2-medium",
            "metadata": {},
            "metadata_fingerprint": "2DBmreif478=",
            "metadata_startup_script": "#! /bin/bash\nsudo apt-get update -y \u0026\u0026  sudo apt-get upgrade -y \u0026\u0026 sudo apt-get install -y nginx\n",
            "min_cpu_platform": "",
            "name": "instance-tpl01-20211020075853151000000001",
            "name_prefix": "instance-tpl01-",
            "network_interface": [
              {
                "access_config": [],
                "alias_ip_range": [],
                "ipv6_access_config": [],
                "ipv6_access_type": "",
                "name": "nic0",
                "network": "https://www.googleapis.com/compute/v1/projects/iaas-demo-208601/global/networks/test-network",
                "network_ip": "",
                "nic_type": "",
                "stack_type": "",
                "subnetwork": "https://www.googleapis.com/compute/v1/projects/iaas-demo-208601/regions/asia-northeast3/subnetworks/test-network-subnet-01",
                "subnetwork_project": "iaas-demo-208601"
              }
            ],
            "project": "iaas-demo-208601",
            "region": "asia-northeast3",
            "reservation_affinity": [],
            "scheduling": [
              {
                "automatic_restart": true,
                "min_node_cpus": 0,
                "node_affinities": [],
                "on_host_maintenance": "MIGRATE",
                "preemptible": false
              }
            ],
            "self_link": "https://www.googleapis.com/compute/beta/projects/iaas-demo-208601/global/instanceTemplates/instance-tpl01-20211020075853151000000001",
            "service_account": [
              {
                "email": "lbj-terraform-test-sa@iaas-demo-208601.iam.gserviceaccount.com",
                "scopes": [
                  "https://www.googleapis.com/auth/cloud-platform"
                ]
              }
            ],
            "shielded_instance_config": [],
            "tags": [
              "allow-all"
            ],
            "tags_fingerprint": "",
            "timeouts": null
          },
          "sensitive_attributes": [],
          "private": "eyJlMmJmYjczMC1lY2FhLTExZTYtOGY4OC0zNDM2M2JjN2M0YzAiOnsiY3JlYXRlIjoyNDAwMDAwMDAwMDAsImRlbGV0ZSI6MjQwMDAwMDAwMDAwfSwic2NoZW1hX3ZlcnNpb24iOiIxIn0=",
          "dependencies": [
            "google_service_account.service_account",
            "module.vpc-module.google_compute_network.network",
            "module.vpc-module.google_compute_subnetwork.subnetwork"
          ],
          "create_before_destroy": true
        }
      ]
    },
    {
      "module": "module.instance_template[\"instance-tpl02\"]",
      "mode": "managed",
      "type": "google_compute_instance_template",
      "name": "tpl",
      "provider": "provider[\"registry.terraform.io/hashicorp/google\"]",
      "instances": [
        {
          "schema_version": 1,
          "attributes": {
            "advanced_machine_features": null,
            "can_ip_forward": false,
            "confidential_instance_config": [
              {
                "enable_confidential_compute": false
              }
            ],
            "description": "",
            "disk": [
              {
                "auto_delete": true,
                "boot": true,
                "device_name": "persistent-disk-0",
                "disk_encryption_key": [],
                "disk_name": "",
                "disk_size_gb": 100,
                "disk_type": "pd-standard",
                "interface": "SCSI",
                "labels": null,
                "mode": "READ_WRITE",
                "resource_policies": null,
                "source": "",
                "source_image": "projects/debian-cloud/global/images/family/debian-10",
                "type": "PERSISTENT"
              }
            ],
            "enable_display": null,
            "guest_accelerator": [],
            "id": "projects/iaas-demo-208601/global/instanceTemplates/instance-tpl02-20211020075928069200000001",
            "instance_description": "",
            "labels": null,
            "machine_type": "e2-medium",
            "metadata": null,
            "metadata_fingerprint": "2DBmreif478=",
            "metadata_startup_script": "#! /bin/bash\nsudo apt-get update -y \u0026\u0026  sudo apt-get upgrade -y \u0026\u0026 sudo apt-get install -y nginx\n",
            "min_cpu_platform": "",
            "name": "instance-tpl02-20211020075928069200000001",
            "name_prefix": "instance-tpl02-",
            "network_interface": [
              {
                "access_config": [],
                "alias_ip_range": [],
                "ipv6_access_config": [],
                "ipv6_access_type": "",
                "name": "nic0",
                "network": "https://www.googleapis.com/compute/v1/projects/iaas-demo-208601/global/networks/test-network",
                "network_ip": "",
                "nic_type": "",
                "stack_type": "",
                "subnetwork": "https://www.googleapis.com/compute/v1/projects/iaas-demo-208601/regions/asia-northeast1/subnetworks/test-network-subnet-02",
                "subnetwork_project": "iaas-demo-208601"
              }
            ],
            "project": "iaas-demo-208601",
            "region": "asia-northeast1",
            "reservation_affinity": [],
            "scheduling": [
              {
                "automatic_restart": true,
                "min_node_cpus": 0,
                "node_affinities": [],
                "on_host_maintenance": "MIGRATE",
                "preemptible": false
              }
            ],
            "self_link": "https://www.googleapis.com/compute/beta/projects/iaas-demo-208601/global/instanceTemplates/instance-tpl02-20211020075928069200000001",
            "service_account": [
              {
                "email": "lbj-terraform-test-sa@iaas-demo-208601.iam.gserviceaccount.com",
                "scopes": [
                  "https://www.googleapis.com/auth/cloud-platform"
                ]
              }
            ],
            "shielded_instance_config": [],
            "tags": [
              "allow-all"
            ],
            "tags_fingerprint": "",
            "timeouts": null
          },
          "sensitive_attributes": [],
          "private": "eyJlMmJmYjczMC1lY2FhLTExZTYtOGY4OC0zNDM2M2JjN2M0YzAiOnsiY3JlYXRlIjoyNDAwMDAwMDAwMDAsImRlbGV0ZSI6MjQwMDAwMDAwMDAwfSwic2NoZW1hX3ZlcnNpb24iOiIxIn0=",
          "dependencies": [
            "google_service_account.service_account",
            "module.vpc-module.google_compute_network.network",
            "module.vpc-module.google_compute_subnetwork.subnetwork"
          ],
          "create_before_destroy": true
        }
      ]
    },
    {
      "module": "module.vpc-module",
      "mode": "managed",
      "type": "google_compute_network",
      "name": "network",
      "provider": "provider[\"registry.terraform.io/hashicorp/google\"]",
      "instances": [
        {
          "schema_version": 0,
          "attributes": {
            "auto_create_subnetworks": false,
            "delete_default_routes_on_create": false,
            "description": "",
            "gateway_ipv4": "",
            "id": "projects/iaas-demo-208601/global/networks/test-network",
            "mtu": 0,
            "name": "test-network",
            "project": "iaas-demo-208601",
            "routing_mode": "REGIONAL",
            "self_link": "https://www.googleapis.com/compute/v1/projects/iaas-demo-208601/global/networks/test-network",
            "timeouts": null
          },
          "sensitive_attributes": [],
          "private": "eyJlMmJmYjczMC1lY2FhLTExZTYtOGY4OC0zNDM2M2JjN2M0YzAiOnsiY3JlYXRlIjoyNDAwMDAwMDAwMDAsImRlbGV0ZSI6MjQwMDAwMDAwMDAwLCJ1cGRhdGUiOjI0MDAwMDAwMDAwMH19",
          "create_before_destroy": true
        }
      ]
    },
    {
      "module": "module.vpc-module",
      "mode": "managed",
      "type": "google_compute_subnetwork",
      "name": "subnetwork",
      "provider": "provider[\"registry.terraform.io/hashicorp/google\"]",
      "instances": [
        {
          "index_key": "asia-northeast1/test-network-subnet-02",
          "schema_version": 0,
          "attributes": {
            "creation_timestamp": "2021-10-20T00:58:30.548-07:00",
            "description": "",
            "external_ipv6_prefix": "",
            "fingerprint": null,
            "gateway_address": "10.10.20.1",
            "id": "projects/iaas-demo-208601/regions/asia-northeast1/subnetworks/test-network-subnet-02",
            "ip_cidr_range": "10.10.20.0/24",
            "ipv6_access_type": "",
            "ipv6_cidr_range": "",
            "log_config": [],
            "name": "test-network-subnet-02",
            "network": "https://www.googleapis.com/compute/v1/projects/iaas-demo-208601/global/networks/test-network",
            "private_ip_google_access": true,
            "private_ipv6_google_access": "DISABLE_GOOGLE_ACCESS",
            "project": "iaas-demo-208601",
            "purpose": "PRIVATE",
            "region": "asia-northeast1",
            "role": "",
            "secondary_ip_range": [],
            "self_link": "https://www.googleapis.com/compute/v1/projects/iaas-demo-208601/regions/asia-northeast1/subnetworks/test-network-subnet-02",
            "stack_type": "IPV4_ONLY",
            "timeouts": null
          },
          "sensitive_attributes": [],
          "private": "eyJlMmJmYjczMC1lY2FhLTExZTYtOGY4OC0zNDM2M2JjN2M0YzAiOnsiY3JlYXRlIjozNjAwMDAwMDAwMDAsImRlbGV0ZSI6MzYwMDAwMDAwMDAwLCJ1cGRhdGUiOjM2MDAwMDAwMDAwMH19",
          "dependencies": [
            "module.vpc-module.google_compute_network.network"
          ],
          "create_before_destroy": true
        },
        {
          "index_key": "asia-northeast3/test-network-subnet-01",
          "schema_version": 0,
          "attributes": {
            "creation_timestamp": "2021-10-20T00:58:30.384-07:00",
            "description": "",
            "external_ipv6_prefix": "",
            "fingerprint": null,
            "gateway_address": "10.10.10.1",
            "id": "projects/iaas-demo-208601/regions/asia-northeast3/subnetworks/test-network-subnet-01",
            "ip_cidr_range": "10.10.10.0/24",
            "ipv6_access_type": "",
            "ipv6_cidr_range": "",
            "log_config": [],
            "name": "test-network-subnet-01",
            "network": "https://www.googleapis.com/compute/v1/projects/iaas-demo-208601/global/networks/test-network",
            "private_ip_google_access": true,
            "private_ipv6_google_access": "DISABLE_GOOGLE_ACCESS",
            "project": "iaas-demo-208601",
            "purpose": "PRIVATE",
            "region": "asia-northeast3",
            "role": "",
            "secondary_ip_range": [],
            "self_link": "https://www.googleapis.com/compute/v1/projects/iaas-demo-208601/regions/asia-northeast3/subnetworks/test-network-subnet-01",
            "stack_type": "IPV4_ONLY",
            "timeouts": null
          },
          "sensitive_attributes": [],
          "private": "eyJlMmJmYjczMC1lY2FhLTExZTYtOGY4OC0zNDM2M2JjN2M0YzAiOnsiY3JlYXRlIjozNjAwMDAwMDAwMDAsImRlbGV0ZSI6MzYwMDAwMDAwMDAwLCJ1cGRhdGUiOjM2MDAwMDAwMDAwMH19",
          "dependencies": [
            "module.vpc-module.google_compute_network.network"
          ],
          "create_before_destroy": true
        }
      ]
    }
  ]
}
