{
  "version": 4,
  "terraform_version": "1.0.8",
  "serial": 23,
  "lineage": "8a25a97b-9830-b24c-554c-0eb49bb6d1bc",
  "outputs": {
    "network_name": {
      "value": "test-network",
      "type": "string"
    }
  },
  "resources": [
    {
      "module": "module.firewall-module",
      "mode": "managed",
      "type": "google_compute_firewall",
      "name": "custom",
      "provider": "provider[\"registry.terraform.io/hashicorp/google\"]",
      "instances": [
        {
          "index_key": "lbj-terraform",
          "schema_version": 1,
          "attributes": {
            "allow": [],
            "creation_timestamp": "2021-10-18T19:21:22.599-07:00",
            "deny": [
              {
                "ports": [
                  "6534-6566"
                ],
                "protocol": "tcp"
              },
              {
                "ports": [
                  "6534-6566"
                ],
                "protocol": "udp"
              }
            ],
            "description": "Deny all INGRESS to port 6534-6566",
            "destination_ranges": [],
            "direction": "INGRESS",
            "disabled": true,
            "enable_logging": null,
            "id": "projects/iaas-demo-208601/global/firewalls/lbj-terraform",
            "log_config": [
              {
                "metadata": "EXCLUDE_ALL_METADATA"
              }
            ],
            "name": "lbj-terraform",
            "network": "https://www.googleapis.com/compute/v1/projects/iaas-demo-208601/global/networks/test-network",
            "priority": 95,
            "project": "iaas-demo-208601",
            "self_link": "https://www.googleapis.com/compute/v1/projects/iaas-demo-208601/global/firewalls/lbj-terraform",
            "source_ranges": [
              "0.0.0.0/0"
            ],
            "source_service_accounts": null,
            "source_tags": null,
            "target_service_accounts": null,
            "target_tags": null,
            "timeouts": null
          },
          "sensitive_attributes": [],
          "private": "eyJlMmJmYjczMC1lY2FhLTExZTYtOGY4OC0zNDM2M2JjN2M0YzAiOnsiY3JlYXRlIjoyNDAwMDAwMDAwMDAsImRlbGV0ZSI6MjQwMDAwMDAwMDAwLCJ1cGRhdGUiOjI0MDAwMDAwMDAwMH0sInNjaGVtYV92ZXJzaW9uIjoiMSJ9",
          "dependencies": [
            "module.vpc-module.google_compute_network.network"
          ]
        }
      ]
    },
    {
      "module": "module.vpc-module",
      "mode": "managed",
      "type": "google_compute_network",
      "name": "network",
      "provider": "provider[\"registry.terraform.io/hashicorp/google\"]",
      "instances": [
        {
          "schema_version": 0,
          "attributes": {
            "auto_create_subnetworks": false,
            "delete_default_routes_on_create": false,
            "description": "",
            "gateway_ipv4": "",
            "id": "projects/iaas-demo-208601/global/networks/test-network",
            "mtu": 0,
            "name": "test-network",
            "project": "iaas-demo-208601",
            "routing_mode": "REGIONAL",
            "self_link": "https://www.googleapis.com/compute/v1/projects/iaas-demo-208601/global/networks/test-network",
            "timeouts": null
          },
          "sensitive_attributes": [],
          "private": "eyJlMmJmYjczMC1lY2FhLTExZTYtOGY4OC0zNDM2M2JjN2M0YzAiOnsiY3JlYXRlIjoyNDAwMDAwMDAwMDAsImRlbGV0ZSI6MjQwMDAwMDAwMDAwLCJ1cGRhdGUiOjI0MDAwMDAwMDAwMH19"
        }
      ]
    },
    {
      "module": "module.vpc-module",
      "mode": "managed",
      "type": "google_compute_subnetwork",
      "name": "subnetwork",
      "provider": "provider[\"registry.terraform.io/hashicorp/google\"]",
      "instances": [
        {
          "index_key": "us-west1/test-network-subnet-01",
          "schema_version": 0,
          "attributes": {
            "creation_timestamp": "2021-10-18T19:21:23.117-07:00",
            "description": "",
            "external_ipv6_prefix": "",
            "fingerprint": null,
            "gateway_address": "10.10.10.1",
            "id": "projects/iaas-demo-208601/regions/us-west1/subnetworks/test-network-subnet-01",
            "ip_cidr_range": "10.10.10.0/24",
            "ipv6_access_type": "",
            "ipv6_cidr_range": "",
            "log_config": [],
            "name": "test-network-subnet-01",
            "network": "https://www.googleapis.com/compute/v1/projects/iaas-demo-208601/global/networks/test-network",
            "private_ip_google_access": true,
            "private_ipv6_google_access": "DISABLE_GOOGLE_ACCESS",
            "project": "iaas-demo-208601",
            "purpose": "PRIVATE",
            "region": "us-west1",
            "role": "",
            "secondary_ip_range": [],
            "self_link": "https://www.googleapis.com/compute/v1/projects/iaas-demo-208601/regions/us-west1/subnetworks/test-network-subnet-01",
            "stack_type": "IPV4_ONLY",
            "timeouts": null
          },
          "sensitive_attributes": [],
          "private": "eyJlMmJmYjczMC1lY2FhLTExZTYtOGY4OC0zNDM2M2JjN2M0YzAiOnsiY3JlYXRlIjozNjAwMDAwMDAwMDAsImRlbGV0ZSI6MzYwMDAwMDAwMDAwLCJ1cGRhdGUiOjM2MDAwMDAwMDAwMH19",
          "dependencies": [
            "module.vpc-module.google_compute_network.network"
          ]
        },
        {
          "index_key": "us-west1/test-network-subnet-02",
          "schema_version": 0,
          "attributes": {
            "creation_timestamp": "2021-10-18T19:21:22.774-07:00",
            "description": "",
            "external_ipv6_prefix": "",
            "fingerprint": null,
            "gateway_address": "10.10.20.1",
            "id": "projects/iaas-demo-208601/regions/us-west1/subnetworks/test-network-subnet-02",
            "ip_cidr_range": "10.10.20.0/24",
            "ipv6_access_type": "",
            "ipv6_cidr_range": "",
            "log_config": [],
            "name": "test-network-subnet-02",
            "network": "https://www.googleapis.com/compute/v1/projects/iaas-demo-208601/global/networks/test-network",
            "private_ip_google_access": true,
            "private_ipv6_google_access": "DISABLE_GOOGLE_ACCESS",
            "project": "iaas-demo-208601",
            "purpose": "PRIVATE",
            "region": "us-west1",
            "role": "",
            "secondary_ip_range": [],
            "self_link": "https://www.googleapis.com/compute/v1/projects/iaas-demo-208601/regions/us-west1/subnetworks/test-network-subnet-02",
            "stack_type": "IPV4_ONLY",
            "timeouts": null
          },
          "sensitive_attributes": [],
          "private": "eyJlMmJmYjczMC1lY2FhLTExZTYtOGY4OC0zNDM2M2JjN2M0YzAiOnsiY3JlYXRlIjozNjAwMDAwMDAwMDAsImRlbGV0ZSI6MzYwMDAwMDAwMDAwLCJ1cGRhdGUiOjM2MDAwMDAwMDAwMH19",
          "dependencies": [
            "module.vpc-module.google_compute_network.network"
          ]
        }
      ]
    }
  ]
}
